
Microsoft Visual Studio Solution File, Format Version 12.00
# Visual Studio Version 17
VisualStudioVersion = 17.13.35806.99 d17.13
MinimumVisualStudioVersion = 10.0.40219.1
Project("{FAE04EC0-301F-11D3-BF4B-00C04F79EFBC}") = "ZorgmaatjeAPI", "ZorgmaatjeAPI\ZorgmaatjeAPI.csproj", "{4BEA134C-7D3D-4657-B6BF-7138CAFCB978}"
EndProject
Global
	GlobalSection(SolutionConfigurationPlatforms) = preSolution
		Debug|Any CPU = Debug|Any CPU
		Release|Any CPU = Release|Any CPU
	EndGlobalSection
	GlobalSection(ProjectConfigurationPlatforms) = postSolution
		{4BEA134C-7D3D-4657-B6BF-7138CAFCB978}.Debug|Any CPU.ActiveCfg = Debug|Any CPU
		{4BEA134C-7D3D-4657-B6BF-7138CAFCB978}.Debug|Any CPU.Build.0 = Debug|Any CPU
		{4BEA134C-7D3D-4657-B6BF-7138CAFCB978}.Release|Any CPU.ActiveCfg = Release|Any CPU
		{4BEA134C-7D3D-4657-B6BF-7138CAFCB978}.Release|Any CPU.Build.0 = Release|Any CPU
	EndGlobalSection
	GlobalSection(SolutionProperties) = preSolution
		HideSolutionNode = FALSE
	EndGlobalSection
	GlobalSection(ExtensibilityGlobals) = postSolution
		SolutionGuid = {44E58217-DBCC-402B-AEB5-B6BFCC63C47C}
	EndGlobalSection
EndGlobal
